// !$*UTF8*$!
{
	archiveVersion = 1;
	classes = {
	};
	objectVersion = 46;
	objects = {

/* Begin PBXBuildFile section */
		8A3D951B1BDD55E60028E247 /* AppDelegate.swift in Sources */ = {isa = PBXBuildFile; fileRef = 8A3D951A1BDD55E60028E247 /* AppDelegate.swift */; };
		8A3D951D1BDD55E60028E247 /* ViewController.swift in Sources */ = {isa = PBXBuildFile; fileRef = 8A3D951C1BDD55E60028E247 /* ViewController.swift */; };
		8A3D95201BDD55E70028E247 /* Main.storyboard in Resources */ = {isa = PBXBuildFile; fileRef = 8A3D951E1BDD55E70028E247 /* Main.storyboard */; };
		8A3D95221BDD55E90028E247 /* Assets.xcassets in Resources */ = {isa = PBXBuildFile; fileRef = 8A3D95211BDD55E90028E247 /* Assets.xcassets */; };
		8A3D95251BDD55E90028E247 /* LaunchScreen.storyboard in Resources */ = {isa = PBXBuildFile; fileRef = 8A3D95231BDD55E90028E247 /* LaunchScreen.storyboard */; };
/* End PBXBuildFile section */

/* Begin PBXContainerItemProxy section */
		8A3D952C1BDD55EA0028E247 /* PBXContainerItemProxy */ = {
			isa = PBXContainerItemProxy;
			containerPortal = 8A3D950F1BDD55E30028E247 /* Project object */;
			proxyType = 1;
			remoteGlobalIDString = 8A3D95161BDD55E40028E247;
			remoteInfo = "Prueba GitHub";
		};
		8A3D95371BDD55EA0028E247 /* PBXContainerItemProxy */ = {
			isa = PBXContainerItemProxy;
			containerPortal = 8A3D950F1BDD55E30028E247 /* Project object */;
			proxyType = 1;
			remoteGlobalIDString = 8A3D95161BDD55E40028E247;
			remoteInfo = "Prueba GitHub";
		};
/* End PBXContainerItemProxy section */

/* Begin PBXFileReference section */
		8A3D95171BDD55E50028E247 /* Prueba GitHub.app */ = {isa = PBXFileReference; explicitFileType = wrapper.application; includeInIndex = 0; name = "Prueba GitHub.app"; path = "/Users/jeremydailey/Desktop/TODO/Prueba GitHub/build/Debug-iphoneos/Prueba GitHub.app"; sourceTree = "<absolute>"; };
		8A3D951A1BDD55E60028E247 /* AppDelegate.swift */ = {isa = PBXFileReference; lastKnownFileType = sourcecode.swift; path = AppDelegate.swift; sourceTree = "<group>"; };
		8A3D951C1BDD55E60028E247 /* ViewController.swift */ = {isa = PBXFileReference; lastKnownFileType = sourcecode.swift; path = ViewController.swift; sourceTree = "<group>"; };
		8A3D951F1BDD55E70028E247 /* Base */ = {isa = PBXFileReference; lastKnownFileType = file.storyboard; name = Base; path = Base.lproj/Main.storyboard; sourceTree = "<group>"; };
		8A3D95211BDD55E90028E247 /* Assets.xcassets */ = {isa = PBXFileReference; lastKnownFileType = folder.assetcatalog; path = Assets.xcassets; sourceTree = "<group>"; };
		8A3D95241BDD55E90028E247 /* Base */ = {isa = PBXFileReference; lastKnownFileType = file.storyboard; name = Base; path = Base.lproj/LaunchScreen.storyboard; sourceTree = "<group>"; };
		8A3D95261BDD55E90028E247 /* Info.plist */ = {isa = PBXFileReference; lastKnownFileType = text.plist.xml; path = Info.plist; sourceTree = "<group>"; };
		8A3D952B1BDD55EA0028E247 /* Prueba GitHubTests.xctest */ = {isa = PBXFileReference; explicitFileType = wrapper.cfbundle; includeInIndex = 0; name = "Prueba GitHubTests.xctest"; path = "/Users/jeremydailey/Desktop/TODO/Prueba GitHub/build/Debug-iphoneos/Prueba GitHubTests.xctest"; sourceTree = "<absolute>"; };
		8A3D95361BDD55EA0028E247 /* Prueba GitHubUITests.xctest */ = {isa = PBXFileReference; explicitFileType = wrapper.cfbundle; includeInIndex = 0; name = "Prueba GitHubUITests.xctest"; path = "/Users/jeremydailey/Desktop/TODO/Prueba GitHub/build/Debug-iphoneos/Prueba GitHubUITests.xctest"; sourceTree = "<absolute>"; };
/* End PBXFileReference section */

/* Begin PBXFrameworksBuildPhase section */
		8A3D95141BDD55E40028E247 /* Frameworks */ = {
			isa = PBXFrameworksBuildPhase;
			buildActionMask = 2147483647;
			files = (
			);
			runOnlyForDeploymentPostprocessing = 0;
		};
		8A3D95281BDD55EA0028E247 /* Frameworks */ = {
			isa = PBXFrameworksBuildPhase;
			buildActionMask = 2147483647;
			files = (
			);
			runOnlyForDeploymentPostprocessing = 0;
		};
		8A3D95331BDD55EA0028E247 /* Frameworks */ = {
			isa = PBXFrameworksBuildPhase;
			buildActionMask = 2147483647;
			files = (
			);
			runOnlyForDeploymentPostprocessing = 0;
		};
/* End PBXFrameworksBuildPhase section */

/* Begin PBXGroup section */
		8A3D950E1BDD55E30028E247 = {
			isa = PBXGroup;
			children = (
				8A3D95191BDD55E50028E247 /* Prueba GitHub */,
			);
			sourceTree = "<group>";
		};
		8A3D95191BDD55E50028E247 /* Prueba GitHub */ = {
			isa = PBXGroup;
			children = (
				8A3D951A1BDD55E60028E247 /* AppDelegate.swift */,
				8A3D951C1BDD55E60028E247 /* ViewController.swift */,
				8A3D951E1BDD55E70028E247 /* Main.storyboard */,
				8A3D95211BDD55E90028E247 /* Assets.xcassets */,
				8A3D95231BDD55E90028E247 /* LaunchScreen.storyboard */,
				8A3D95261BDD55E90028E247 /* Info.plist */,
			);
			path = "Prueba GitHub";
			sourceTree = "<group>";
		};
/* End PBXGroup section */

/* Begin PBXNativeTarget section */
		8A3D95161BDD55E40028E247 /* Prueba GitHub */ = {
			isa = PBXNativeTarget;
			buildConfigurationList = 8A3D953F1BDD55EB0028E247 /* Build configuration list for PBXNativeTarget "Prueba GitHub" */;
			buildPhases = (
				8A3D95131BDD55E40028E247 /* Sources */,
				8A3D95141BDD55E40028E247 /* Frameworks */,
				8A3D95151BDD55E40028E247 /* Resources */,
			);
			buildRules = (
			);
			dependencies = (
			);
			name = "Prueba GitHub";
			productName = "Prueba GitHub";
			productReference = 8A3D95171BDD55E50028E247 /* Prueba GitHub.app */;
			productType = "com.apple.product-type.application";
		};
		8A3D952A1BDD55EA0028E247 /* Prueba GitHubTests */ = {
			isa = PBXNativeTarget;
			buildConfigurationList = 8A3D95421BDD55EB0028E247 /* Build configuration list for PBXNativeTarget "Prueba GitHubTests" */;
			buildPhases = (
				8A3D95271BDD55EA0028E247 /* Sources */,
				8A3D95281BDD55EA0028E247 /* Frameworks */,
				8A3D95291BDD55EA0028E247 /* Resources */,
			);
			buildRules = (
			);
			dependencies = (
				8A3D952D1BDD55EA0028E247 /* PBXTargetDependency */,
			);
			name = "Prueba GitHubTests";
			productName = "Prueba GitHubTests";
			productReference = 8A3D952B1BDD55EA0028E247 /* Prueba GitHubTests.xctest */;
			productType = "com.apple.product-type.bundle.unit-test";
		};
		8A3D95351BDD55EA0028E247 /* Prueba GitHubUITests */ = {
			isa = PBXNativeTarget;
			buildConfigurationList = 8A3D95451BDD55EB0028E247 /* Build configuration list for PBXNativeTarget "Prueba GitHubUITests" */;
			buildPhases = (
				8A3D95321BDD55EA0028E247 /* Sources */,
				8A3D95331BDD55EA0028E247 /* Frameworks */,
				8A3D95341BDD55EA0028E247 /* Resources */,
			);
			buildRules = (
			);
			dependencies = (
				8A3D95381BDD55EA0028E247 /* PBXTargetDependency */,
			);
			name = "Prueba GitHubUITests";
			productName = "Prueba GitHubUITests";
			productReference = 8A3D95361BDD55EA0028E247 /* Prueba GitHubUITests.xctest */;
			productType = "com.apple.product-type.bundle.ui-testing";
		};
/* End PBXNativeTarget section */

/* Begin PBXProject section */
		8A3D950F1BDD55E30028E247 /* Project object */ = {
			isa = PBXProject;
			attributes = {
				LastUpgradeCheck = 0700;
				ORGANIZATIONNAME = "Jeremy Dailey";
				TargetAttributes = {
					8A3D95161BDD55E40028E247 = {
						CreatedOnToolsVersion = 7.0.1;
					};
					8A3D952A1BDD55EA0028E247 = {
						CreatedOnToolsVersion = 7.0.1;
						TestTargetID = 8A3D95161BDD55E40028E247;
					};
					8A3D95351BDD55EA0028E247 = {
						CreatedOnToolsVersion = 7.0.1;
						TestTargetID = 8A3D95161BDD55E40028E247;
					};
				};
			};
			buildConfigurationList = 8A3D95121BDD55E40028E247 /* Build configuration list for PBXProject "Prueba GitHub" */;
			compatibilityVersion = "Xcode 3.2";
			developmentRegion = English;
			hasScannedForEncodings = 0;
			knownRegions = (
				en,
				Base,
			);
			mainGroup = 8A3D950E1BDD55E30028E247;
			productRefGroup = 8A3D950E1BDD55E30028E247;
			projectDirPath = "";
			projectRoot = "";
			targets = (
				8A3D95161BDD55E40028E247 /* Prueba GitHub */,
				8A3D952A1BDD55EA0028E247 /* Prueba GitHubTests */,
				8A3D95351BDD55EA0028E247 /* Prueba GitHubUITests */,
			);
		};
/* End PBXProject section */

/* Begin PBXResourcesBuildPhase section */
		8A3D95151BDD55E40028E247 /* Resources */ = {
			isa = PBXResourcesBuildPhase;
			buildActionMask = 2147483647;
			files = (
				8A3D95251BDD55E90028E247 /* LaunchScreen.storyboard in Resources */,
				8A3D95221BDD55E90028E247 /* Assets.xcassets in Resources */,
				8A3D95201BDD55E70028E247 /* Main.storyboard in Resources */,
			);
			runOnlyForDeploymentPostprocessing = 0;
		};
		8A3D95291BDD55EA0028E247 /* Resources */ = {
			isa = PBXResourcesBuildPhase;
			buildActionMask = 2147483647;
			files = (
			);
			runOnlyForDeploymentPostprocessing = 0;
		};
		8A3D95341BDD55EA0028E247 /* Resources */ = {
			isa = PBXResourcesBuildPhase;
			buildActionMask = 2147483647;
			files = (
			);
			runOnlyForDeploymentPostprocessing = 0;
		};
/* End PBXResourcesBuildPhase section */

/* Begin PBXSourcesBuildPhase section */
		8A3D95131BDD55E40028E247 /* Sources */ = {
			isa = PBXSourcesBuildPhase;
			buildActionMask = 2147483647;
			files = (
				8A3D951D1BDD55E60028E247 /* ViewController.swift in Sources */,
				8A3D951B1BDD55E60028E247 /* AppDelegate.swift in Sources */,
			);
			runOnlyForDeploymentPostprocessing = 0;
		};
		8A3D95271BDD55EA0028E247 /* Sources */ = {
			isa = PBXSourcesBuildPhase;
			buildActionMask = 2147483647;
			files = (
			);
			runOnlyForDeploymentPostprocessing = 0;
		};
		8A3D95321BDD55EA0028E247 /* Sources */ = {
			isa = PBXSourcesBuildPhase;
			buildActionMask = 2147483647;
			files = (
			);
			runOnlyForDeploymentPostprocessing = 0;
		};
/* End PBXSourcesBuildPhase section */

/* Begin PBXTargetDependency section */
		8A3D952D1BDD55EA0028E247 /* PBXTargetDependency */ = {
			isa = PBXTargetDependency;
			target = 8A3D95161BDD55E40028E247 /* Prueba GitHub */;
			targetProxy = 8A3D952C1BDD55EA0028E247 /* PBXContainerItemProxy */;
		};
		8A3D95381BDD55EA0028E247 /* PBXTargetDependency */ = {
			isa = PBXTargetDependency;
			target = 8A3D95161BDD55E40028E247 /* Prueba GitHub */;
			targetProxy = 8A3D95371BDD55EA0028E247 /* PBXContainerItemProxy */;
		};
/* End PBXTargetDependency section */

/* Begin PBXVariantGroup section */
		8A3D951E1BDD55E70028E247 /* Main.storyboard */ = {
			isa = PBXVariantGroup;
			children = (
				8A3D951F1BDD55E70028E247 /* Base */,
			);
			name = Main.storyboard;
			sourceTree = "<group>";
		};
		8A3D95231BDD55E90028E247 /* LaunchScreen.storyboard */ = {
			isa = PBXVariantGroup;
			children = (
				8A3D95241BDD55E90028E247 /* Base */,
			);
			name = LaunchScreen.storyboard;
			sourceTree = "<group>";
		};
/* End PBXVariantGroup section */

/* Begin XCBuildConfiguration section */
		8A3D953D1BDD55EB0028E247 /* Debug */ = {
			isa = XCBuildConfiguration;
			buildSettings = {
				ALWAYS_SEARCH_USER_PATHS = NO;
				CLANG_CXX_LANGUAGE_STANDARD = "gnu++0x";
				CLANG_CXX_LIBRARY = "libc++";
				CLANG_ENABLE_MODULES = YES;
				CLANG_ENABLE_OBJC_ARC = YES;
				CLANG_WARN_BOOL_CONVERSION = YES;
				CLANG_WARN_CONSTANT_CONVERSION = YES;
				CLANG_WARN_DIRECT_OBJC_ISA_USAGE = YES_ERROR;
				CLANG_WARN_EMPTY_BODY = YES;
				CLANG_WARN_ENUM_CONVERSION = YES;
				CLANG_WARN_INT_CONVERSION = YES;
				CLANG_WARN_OBJC_ROOT_CLASS = YES_ERROR;
				CLANG_WARN_UNREACHABLE_CODE = YES;
				CLANG_WARN__DUPLICATE_METHOD_MATCH = YES;
				"CODE_SIGN_IDENTITY[sdk=iphoneos*]" = "iPhone Developer";
				COPY_PHASE_STRIP = NO;
				DEBUG_INFORMATION_FORMAT = dwarf;
				ENABLE_STRICT_OBJC_MSGSEND = YES;
				ENABLE_TESTABILITY = YES;
				GCC_C_LANGUAGE_STANDARD = gnu99;
				GCC_DYNAMIC_NO_PIC = NO;
				GCC_NO_COMMON_BLOCKS = YES;
				GCC_OPTIMIZATION_LEVEL = 0;
				GCC_PREPROCESSOR_DEFINITIONS = (
					"DEBUG=1",
					"$(inherited)",
				);
				GCC_WARN_64_TO_32_BIT_CONVERSION = YES;
				GCC_WARN_ABOUT_RETURN_TYPE = YES_ERROR;
				GCC_WARN_UNDECLARED_SELECTOR = YES;
				GCC_WARN_UNINITIALIZED_AUTOS = YES_AGGRESSIVE;
				GCC_WARN_UNUSED_FUNCTION = YES;
				GCC_WARN_UNUSED_VARIABLE = YES;
				IPHONEOS_DEPLOYMENT_TARGET = 9.0;
				MTL_ENABLE_DEBUG_INFO = YES;
				ONLY_ACTIVE_ARCH = YES;
				SDKROOT = iphoneos;
				SWIFT_OPTIMIZATION_LEVEL = "-Onone";
				TARGETED_DEVICE_FAMILY = 2;
			};
			name = Debug;
		};
		8A3D953E1BDD55EB0028E247 /* Release */ = {
			isa = XCBuildConfiguration;
			buildSettings = {
				ALWAYS_SEARCH_USER_PATHS = NO;
				CLANG_CXX_LANGUAGE_STANDARD = "gnu++0x";
				CLANG_CXX_LIBRARY = "libc++";
				CLANG_ENABLE_MODULES = YES;
				CLANG_ENABLE_OBJC_ARC = YES;
				CLANG_WARN_BOOL_CONVERSION = YES;
				CLANG_WARN_CONSTANT_CONVERSION = YES;
				CLANG_WARN_DIRECT_OBJC_ISA_USAGE = YES_ERROR;
				CLANG_WARN_EMPTY_BODY = YES;
				CLANG_WARN_ENUM_CONVERSION = YES;
				CLANG_WARN_INT_CONVERSION = YES;
				CLANG_WARN_OBJC_ROOT_CLASS = YES_ERROR;
				CLANG_WARN_UNREACHABLE_CODE = YES;
				CLANG_WARN__DUPLICATE_METHOD_MATCH = YES;
				"CODE_SIGN_IDENTITY[sdk=iphoneos*]" = "iPhone Developer";
				COPY_PHASE_STRIP = NO;
				DEBUG_INFORMATION_FORMAT = "dwarf-with-dsym";
				ENABLE_NS_ASSERTIONS = NO;
				ENABLE_STRICT_OBJC_MSGSEND = YES;
				GCC_C_LANGUAGE_STANDARD = gnu99;
				GCC_NO_COMMON_BLOCKS = YES;
				GCC_WARN_64_TO_32_BIT_CONVERSION = YES;
				GCC_WARN_ABOUT_RETURN_TYPE = YES_ERROR;
				GCC_WARN_UNDECLARED_SELECTOR = YES;
				GCC_WARN_UNINITIALIZED_AUTOS = YES_AGGRESSIVE;
				GCC_WARN_UNUSED_FUNCTION = YES;
				GCC_WARN_UNUSED_VARIABLE = YES;
				IPHONEOS_DEPLOYMENT_TARGET = 9.0;
				MTL_ENABLE_DEBUG_INFO = NO;
				SDKROOT = iphoneos;
				TARGETED_DEVICE_FAMILY = 2;
				VALIDATE_PRODUCT = YES;
			};
			name = Release;
		};
		8A3D95401BDD55EB0028E247 /* Debug */ = {
			isa = XCBuildConfiguration;
			buildSettings = {
				ASSETCATALOG_COMPILER_APPICON_NAME = AppIcon;
				INFOPLIST_FILE = "Prueba GitHub/Info.plist";
				LD_RUNPATH_SEARCH_PATHS = "$(inherited) @executable_path/Frameworks";
				PRODUCT_BUNDLE_IDENTIFIER = "Dailey.Prueba-GitHub";
				PRODUCT_NAME = "$(TARGET_NAME)";
			};
			name = Debug;
		};
		8A3D95411BDD55EB0028E247 /* Release */ = {
			isa = XCBuildConfiguration;
			buildSettings = {
				ASSETCATALOG_COMPILER_APPICON_NAME = AppIcon;
				INFOPLIST_FILE = "Prueba GitHub/Info.plist";
				LD_RUNPATH_SEARCH_PATHS = "$(inherited) @executable_path/Frameworks";
				PRODUCT_BUNDLE_IDENTIFIER = "Dailey.Prueba-GitHub";
				PRODUCT_NAME = "$(TARGET_NAME)";
			};
			name = Release;
		};
		8A3D95431BDD55EB0028E247 /* Debug */ = {
			isa = XCBuildConfiguration;
			buildSettings = {
				BUNDLE_LOADER = "$(TEST_HOST)";
				INFOPLIST_FILE = "Prueba GitHubTests/Info.plist";
				LD_RUNPATH_SEARCH_PATHS = "$(inherited) @executable_path/Frameworks @loader_path/Frameworks";
				PRODUCT_BUNDLE_IDENTIFIER = "Dailey.Prueba-GitHubTests";
				PRODUCT_NAME = "$(TARGET_NAME)";
				TEST_HOST = "$(BUILT_PRODUCTS_DIR)/Prueba GitHub.app/Prueba GitHub";
			};
			name = Debug;
		};
		8A3D95441BDD55EB0028E247 /* Release */ = {
			isa = XCBuildConfiguration;
			buildSettings = {
				BUNDLE_LOADER = "$(TEST_HOST)";
				INFOPLIST_FILE = "Prueba GitHubTests/Info.plist";
				LD_RUNPATH_SEARCH_PATHS = "$(inherited) @executable_path/Frameworks @loader_path/Frameworks";
				PRODUCT_BUNDLE_IDENTIFIER = "Dailey.Prueba-GitHubTests";
				PRODUCT_NAME = "$(TARGET_NAME)";
				TEST_HOST = "$(BUILT_PRODUCTS_DIR)/Prueba GitHub.app/Prueba GitHub";
			};
			name = Release;
		};
		8A3D95461BDD55EB0028E247 /* Debug */ = {
			isa = XCBuildConfiguration;
			buildSettings = {
				INFOPLIST_FILE = "Prueba GitHubUITests/Info.plist";
				LD_RUNPATH_SEARCH_PATHS = "$(inherited) @executable_path/Frameworks @loader_path/Frameworks";
				PRODUCT_BUNDLE_IDENTIFIER = "Dailey.Prueba-GitHubUITests";
				PRODUCT_NAME = "$(TARGET_NAME)";
				TEST_TARGET_NAME = "Prueba GitHub";
				USES_XCTRUNNER = YES;
			};
			name = Debug;
		};
		8A3D95471BDD55EB0028E247 /* Release */ = {
			isa = XCBuildConfiguration;
			buildSettings = {
				INFOPLIST_FILE = "Prueba GitHubUITests/Info.plist";
				LD_RUNPATH_SEARCH_PATHS = "$(inherited) @executable_path/Frameworks @loader_path/Frameworks";
				PRODUCT_BUNDLE_IDENTIFIER = "Dailey.Prueba-GitHubUITests";
				PRODUCT_NAME = "$(TARGET_NAME)";
				TEST_TARGET_NAME = "Prueba GitHub";
				USES_XCTRUNNER = YES;
			};
			name = Release;
		};
/* End XCBuildConfiguration section */

/* Begin XCConfigurationList section */
		8A3D95121BDD55E40028E247 /* Build configuration list for PBXProject "Prueba GitHub" */ = {
			isa = XCConfigurationList;
			buildConfigurations = (
				8A3D953D1BDD55EB0028E247 /* Debug */,
				8A3D953E1BDD55EB0028E247 /* Release */,
			);
			defaultConfigurationIsVisible = 0;
			defaultConfigurationName = Release;
		};
		8A3D953F1BDD55EB0028E247 /* Build configuration list for PBXNativeTarget "Prueba GitHub" */ = {
			isa = XCConfigurationList;
			buildConfigurations = (
				8A3D95401BDD55EB0028E247 /* Debug */,
				8A3D95411BDD55EB0028E247 /* Release */,
			);
			defaultConfigurationIsVisible = 0;
		};
		8A3D95421BDD55EB0028E247 /* Build configuration list for PBXNativeTarget "Prueba GitHubTests" */ = {
			isa = XCConfigurationList;
			buildConfigurations = (
				8A3D95431BDD55EB0028E247 /* Debug */,
				8A3D95441BDD55EB0028E247 /* Release */,
			);
			defaultConfigurationIsVisible = 0;
		};
		8A3D95451BDD55EB0028E247 /* Build configuration list for PBXNativeTarget "Prueba GitHubUITests" */ = {
			isa = XCConfigurationList;
			buildConfigurations = (
				8A3D95461BDD55EB0028E247 /* Debug */,
				8A3D95471BDD55EB0028E247 /* Release */,
			);
			defaultConfigurationIsVisible = 0;
		};
/* End XCConfigurationList section */
	};
	rootObject = 8A3D950F1BDD55E30028E247 /* Project object */;
}
